
Microsoft Visual Studio Solution File, Format Version 12.00
# Visual Studio Version 16
VisualStudioVersion = 16.0.30309.148
MinimumVisualStudioVersion = 10.0.40219.1
Project("{FAE04EC0-301F-11D3-BF4B-00C04F79EFBC}") = "CarbonFootprintApp.UWP", "CarbonFootprintApp.UWP\CarbonFootprintApp.UWP.csproj", "{329CC9B4-5F67-4C44-A30A-465B551D6D8E}"
EndProject
Project("{FAE04EC0-301F-11D3-BF4B-00C04F79EFBC}") = "CarbonFootprintApp.Android", "CarbonFootprintApp.Android\CarbonFootprintApp.Android.csproj", "{C858102C-07EF-4EA3-9215-BA31CDE06704}"
EndProject
Project("{FAE04EC0-301F-11D3-BF4B-00C04F79EFBC}") = "CarbonFootprintApp.iOS", "CarbonFootprintApp.iOS\CarbonFootprintApp.iOS.csproj", "{4D0B365A-DB28-482B-B901-F1869619DAAB}"
EndProject
Project("{FAE04EC0-301F-11D3-BF4B-00C04F79EFBC}") = "CarbonFootprintApp", "CarbonFootprintApp\CarbonFootprintApp.csproj", "{A4D3169E-047E-42F9-B58A-59CE94867AAB}"
EndProject
Global
	GlobalSection(SolutionConfigurationPlatforms) = preSolution
		Debug|Any CPU = Debug|Any CPU
		Debug|ARM = Debug|ARM
		Debug|iPhone = Debug|iPhone
		Debug|iPhoneSimulator = Debug|iPhoneSimulator
		Debug|x64 = Debug|x64
		Debug|x86 = Debug|x86
		Release|Any CPU = Release|Any CPU
		Release|ARM = Release|ARM
		Release|iPhone = Release|iPhone
		Release|iPhoneSimulator = Release|iPhoneSimulator
		Release|x64 = Release|x64
		Release|x86 = Release|x86
	EndGlobalSection
	GlobalSection(ProjectConfigurationPlatforms) = postSolution
		{329CC9B4-5F67-4C44-A30A-465B551D6D8E}.Debug|Any CPU.ActiveCfg = Debug|x86
		{329CC9B4-5F67-4C44-A30A-465B551D6D8E}.Debug|Any CPU.Build.0 = Debug|x86
		{329CC9B4-5F67-4C44-A30A-465B551D6D8E}.Debug|Any CPU.Deploy.0 = Debug|x86
		{329CC9B4-5F67-4C44-A30A-465B551D6D8E}.Debug|ARM.ActiveCfg = Debug|ARM
		{329CC9B4-5F67-4C44-A30A-465B551D6D8E}.Debug|ARM.Build.0 = Debug|ARM
		{329CC9B4-5F67-4C44-A30A-465B551D6D8E}.Debug|ARM.Deploy.0 = Debug|ARM
		{329CC9B4-5F67-4C44-A30A-465B551D6D8E}.Debug|iPhone.ActiveCfg = Debug|x86
		{329CC9B4-5F67-4C44-A30A-465B551D6D8E}.Debug|iPhone.Build.0 = Debug|x86
		{329CC9B4-5F67-4C44-A30A-465B551D6D8E}.Debug|iPhone.Deploy.0 = Debug|x86
		{329CC9B4-5F67-4C44-A30A-465B551D6D8E}.Debug|iPhoneSimulator.ActiveCfg = Debug|x86
		{329CC9B4-5F67-4C44-A30A-465B551D6D8E}.Debug|iPhoneSimulator.Build.0 = Debug|x86
		{329CC9B4-5F67-4C44-A30A-465B551D6D8E}.Debug|iPhoneSimulator.Deploy.0 = Debug|x86
		{329CC9B4-5F67-4C44-A30A-465B551D6D8E}.Debug|x64.ActiveCfg = Debug|x64
		{329CC9B4-5F67-4C44-A30A-465B551D6D8E}.Debug|x64.Build.0 = Debug|x64
		{329CC9B4-5F67-4C44-A30A-465B551D6D8E}.Debug|x64.Deploy.0 = Debug|x64
		{329CC9B4-5F67-4C44-A30A-465B551D6D8E}.Debug|x86.ActiveCfg = Debug|x86
		{329CC9B4-5F67-4C44-A30A-465B551D6D8E}.Debug|x86.Build.0 = Debug|x86
		{329CC9B4-5F67-4C44-A30A-465B551D6D8E}.Debug|x86.Deploy.0 = Debug|x86
		{329CC9B4-5F67-4C44-A30A-465B551D6D8E}.Release|Any CPU.ActiveCfg = Release|x86
		{329CC9B4-5F67-4C44-A30A-465B551D6D8E}.Release|Any CPU.Build.0 = Release|x86
		{329CC9B4-5F67-4C44-A30A-465B551D6D8E}.Release|Any CPU.Deploy.0 = Release|x86
		{329CC9B4-5F67-4C44-A30A-465B551D6D8E}.Release|ARM.ActiveCfg = Release|ARM
		{329CC9B4-5F67-4C44-A30A-465B551D6D8E}.Release|ARM.Build.0 = Release|ARM
		{329CC9B4-5F67-4C44-A30A-465B551D6D8E}.Release|ARM.Deploy.0 = Release|ARM
		{329CC9B4-5F67-4C44-A30A-465B551D6D8E}.Release|iPhone.ActiveCfg = Release|x86
		{329CC9B4-5F67-4C44-A30A-465B551D6D8E}.Release|iPhone.Build.0 = Release|x86
		{329CC9B4-5F67-4C44-A30A-465B551D6D8E}.Release|iPhone.Deploy.0 = Release|x86
		{329CC9B4-5F67-4C44-A30A-465B551D6D8E}.Release|iPhoneSimulator.ActiveCfg = Release|x86
		{329CC9B4-5F67-4C44-A30A-465B551D6D8E}.Release|iPhoneSimulator.Build.0 = Release|x86
		{329CC9B4-5F67-4C44-A30A-465B551D6D8E}.Release|iPhoneSimulator.Deploy.0 = Release|x86
		{329CC9B4-5F67-4C44-A30A-465B551D6D8E}.Release|x64.ActiveCfg = Release|x64
		{329CC9B4-5F67-4C44-A30A-465B551D6D8E}.Release|x64.Build.0 = Release|x64
		{329CC9B4-5F67-4C44-A30A-465B551D6D8E}.Release|x64.Deploy.0 = Release|x64
		{329CC9B4-5F67-4C44-A30A-465B551D6D8E}.Release|x86.ActiveCfg = Release|x86
		{329CC9B4-5F67-4C44-A30A-465B551D6D8E}.Release|x86.Build.0 = Release|x86
		{329CC9B4-5F67-4C44-A30A-465B551D6D8E}.Release|x86.Deploy.0 = Release|x86
		{C858102C-07EF-4EA3-9215-BA31CDE06704}.Debug|Any CPU.ActiveCfg = Debug|Any CPU
		{C858102C-07EF-4EA3-9215-BA31CDE06704}.Debug|Any CPU.Build.0 = Debug|Any CPU
		{C858102C-07EF-4EA3-9215-BA31CDE06704}.Debug|Any CPU.Deploy.0 = Debug|Any CPU
		{C858102C-07EF-4EA3-9215-BA31CDE06704}.Debug|ARM.ActiveCfg = Debug|Any CPU
		{C858102C-07EF-4EA3-9215-BA31CDE06704}.Debug|ARM.Build.0 = Debug|Any CPU
		{C858102C-07EF-4EA3-9215-BA31CDE06704}.Debug|ARM.Deploy.0 = Debug|Any CPU
		{C858102C-07EF-4EA3-9215-BA31CDE06704}.Debug|iPhone.ActiveCfg = Debug|Any CPU
		{C858102C-07EF-4EA3-9215-BA31CDE06704}.Debug|iPhone.Build.0 = Debug|Any CPU
		{C858102C-07EF-4EA3-9215-BA31CDE06704}.Debug|iPhone.Deploy.0 = Debug|Any CPU
		{C858102C-07EF-4EA3-9215-BA31CDE06704}.Debug|iPhoneSimulator.ActiveCfg = Debug|Any CPU
		{C858102C-07EF-4EA3-9215-BA31CDE06704}.Debug|iPhoneSimulator.Build.0 = Debug|Any CPU
		{C858102C-07EF-4EA3-9215-BA31CDE06704}.Debug|iPhoneSimulator.Deploy.0 = Debug|Any CPU
		{C858102C-07EF-4EA3-9215-BA31CDE06704}.Debug|x64.ActiveCfg = Debug|Any CPU
		{C858102C-07EF-4EA3-9215-BA31CDE06704}.Debug|x64.Build.0 = Debug|Any CPU
		{C858102C-07EF-4EA3-9215-BA31CDE06704}.Debug|x64.Deploy.0 = Debug|Any CPU
		{C858102C-07EF-4EA3-9215-BA31CDE06704}.Debug|x86.ActiveCfg = Debug|Any CPU
		{C858102C-07EF-4EA3-9215-BA31CDE06704}.Debug|x86.Build.0 = Debug|Any CPU
		{C858102C-07EF-4EA3-9215-BA31CDE06704}.Debug|x86.Deploy.0 = Debug|Any CPU
		{C858102C-07EF-4EA3-9215-BA31CDE06704}.Release|Any CPU.ActiveCfg = Release|Any CPU
		{C858102C-07EF-4EA3-9215-BA31CDE06704}.Release|Any CPU.Build.0 = Release|Any CPU
		{C858102C-07EF-4EA3-9215-BA31CDE06704}.Release|Any CPU.Deploy.0 = Release|Any CPU
		{C858102C-07EF-4EA3-9215-BA31CDE06704}.Release|ARM.ActiveCfg = Release|Any CPU
		{C858102C-07EF-4EA3-9215-BA31CDE06704}.Release|ARM.Build.0 = Release|Any CPU
		{C858102C-07EF-4EA3-9215-BA31CDE06704}.Release|ARM.Deploy.0 = Release|Any CPU
		{C858102C-07EF-4EA3-9215-BA31CDE06704}.Release|iPhone.ActiveCfg = Release|Any CPU
		{C858102C-07EF-4EA3-9215-BA31CDE06704}.Release|iPhone.Build.0 = Release|Any CPU
		{C858102C-07EF-4EA3-9215-BA31CDE06704}.Release|iPhone.Deploy.0 = Release|Any CPU
		{C858102C-07EF-4EA3-9215-BA31CDE06704}.Release|iPhoneSimulator.ActiveCfg = Release|Any CPU
		{C858102C-07EF-4EA3-9215-BA31CDE06704}.Release|iPhoneSimulator.Build.0 = Release|Any CPU
		{C858102C-07EF-4EA3-9215-BA31CDE06704}.Release|iPhoneSimulator.Deploy.0 = Release|Any CPU
		{C858102C-07EF-4EA3-9215-BA31CDE06704}.Release|x64.ActiveCfg = Release|Any CPU
		{C858102C-07EF-4EA3-9215-BA31CDE06704}.Release|x64.Build.0 = Release|Any CPU
		{C858102C-07EF-4EA3-9215-BA31CDE06704}.Release|x64.Deploy.0 = Release|Any CPU
		{C858102C-07EF-4EA3-9215-BA31CDE06704}.Release|x86.ActiveCfg = Release|Any CPU
		{C858102C-07EF-4EA3-9215-BA31CDE06704}.Release|x86.Build.0 = Release|Any CPU
		{C858102C-07EF-4EA3-9215-BA31CDE06704}.Release|x86.Deploy.0 = Release|Any CPU
		{4D0B365A-DB28-482B-B901-F1869619DAAB}.Debug|Any CPU.ActiveCfg = Debug|iPhone
		{4D0B365A-DB28-482B-B901-F1869619DAAB}.Debug|Any CPU.Build.0 = Debug|iPhone
		{4D0B365A-DB28-482B-B901-F1869619DAAB}.Debug|Any CPU.Deploy.0 = Debug|iPhone
		{4D0B365A-DB28-482B-B901-F1869619DAAB}.Debug|ARM.ActiveCfg = Debug|iPhone
		{4D0B365A-DB28-482B-B901-F1869619DAAB}.Debug|ARM.Build.0 = Debug|iPhone
		{4D0B365A-DB28-482B-B901-F1869619DAAB}.Debug|ARM.Deploy.0 = Debug|iPhone
		{4D0B365A-DB28-482B-B901-F1869619DAAB}.Debug|iPhone.ActiveCfg = Debug|iPhone
		{4D0B365A-DB28-482B-B901-F1869619DAAB}.Debug|iPhone.Build.0 = Debug|iPhone
		{4D0B365A-DB28-482B-B901-F1869619DAAB}.Debug|iPhone.Deploy.0 = Debug|iPhone
		{4D0B365A-DB28-482B-B901-F1869619DAAB}.Debug|iPhoneSimulator.ActiveCfg = Debug|iPhoneSimulator
		{4D0B365A-DB28-482B-B901-F1869619DAAB}.Debug|iPhoneSimulator.Build.0 = Debug|iPhoneSimulator
		{4D0B365A-DB28-482B-B901-F1869619DAAB}.Debug|iPhoneSimulator.Deploy.0 = Debug|iPhoneSimulator
		{4D0B365A-DB28-482B-B901-F1869619DAAB}.Debug|x64.ActiveCfg = Debug|iPhone
		{4D0B365A-DB28-482B-B901-F1869619DAAB}.Debug|x64.Build.0 = Debug|iPhone
		{4D0B365A-DB28-482B-B901-F1869619DAAB}.Debug|x64.Deploy.0 = Debug|iPhone
		{4D0B365A-DB28-482B-B901-F1869619DAAB}.Debug|x86.ActiveCfg = Debug|iPhone
		{4D0B365A-DB28-482B-B901-F1869619DAAB}.Debug|x86.Build.0 = Debug|iPhone
		{4D0B365A-DB28-482B-B901-F1869619DAAB}.Debug|x86.Deploy.0 = Debug|iPhone
		{4D0B365A-DB28-482B-B901-F1869619DAAB}.Release|Any CPU.ActiveCfg = Release|iPhone
		{4D0B365A-DB28-482B-B901-F1869619DAAB}.Release|Any CPU.Build.0 = Release|iPhone
		{4D0B365A-DB28-482B-B901-F1869619DAAB}.Release|Any CPU.Deploy.0 = Release|iPhone
		{4D0B365A-DB28-482B-B901-F1869619DAAB}.Release|ARM.ActiveCfg = Release|iPhone
		{4D0B365A-DB28-482B-B901-F1869619DAAB}.Release|ARM.Build.0 = Release|iPhone
		{4D0B365A-DB28-482B-B901-F1869619DAAB}.Release|ARM.Deploy.0 = Release|iPhone
		{4D0B365A-DB28-482B-B901-F1869619DAAB}.Release|iPhone.ActiveCfg = Release|iPhone
		{4D0B365A-DB28-482B-B901-F1869619DAAB}.Release|iPhone.Build.0 = Release|iPhone
		{4D0B365A-DB28-482B-B901-F1869619DAAB}.Release|iPhone.Deploy.0 = Release|iPhone
		{4D0B365A-DB28-482B-B901-F1869619DAAB}.Release|iPhoneSimulator.ActiveCfg = Release|iPhoneSimulator
		{4D0B365A-DB28-482B-B901-F1869619DAAB}.Release|iPhoneSimulator.Build.0 = Release|iPhoneSimulator
		{4D0B365A-DB28-482B-B901-F1869619DAAB}.Release|iPhoneSimulator.Deploy.0 = Release|iPhoneSimulator
		{4D0B365A-DB28-482B-B901-F1869619DAAB}.Release|x64.ActiveCfg = Release|iPhone
		{4D0B365A-DB28-482B-B901-F1869619DAAB}.Release|x64.Build.0 = Release|iPhone
		{4D0B365A-DB28-482B-B901-F1869619DAAB}.Release|x64.Deploy.0 = Release|iPhone
		{4D0B365A-DB28-482B-B901-F1869619DAAB}.Release|x86.ActiveCfg = Release|iPhone
		{4D0B365A-DB28-482B-B901-F1869619DAAB}.Release|x86.Build.0 = Release|iPhone
		{4D0B365A-DB28-482B-B901-F1869619DAAB}.Release|x86.Deploy.0 = Release|iPhone
		{A4D3169E-047E-42F9-B58A-59CE94867AAB}.Debug|Any CPU.ActiveCfg = Debug|Any CPU
		{A4D3169E-047E-42F9-B58A-59CE94867AAB}.Debug|Any CPU.Build.0 = Debug|Any CPU
		{A4D3169E-047E-42F9-B58A-59CE94867AAB}.Debug|Any CPU.Deploy.0 = Debug|Any CPU
		{A4D3169E-047E-42F9-B58A-59CE94867AAB}.Debug|ARM.ActiveCfg = Debug|Any CPU
		{A4D3169E-047E-42F9-B58A-59CE94867AAB}.Debug|ARM.Build.0 = Debug|Any CPU
		{A4D3169E-047E-42F9-B58A-59CE94867AAB}.Debug|ARM.Deploy.0 = Debug|Any CPU
		{A4D3169E-047E-42F9-B58A-59CE94867AAB}.Debug|iPhone.ActiveCfg = Debug|Any CPU
		{A4D3169E-047E-42F9-B58A-59CE94867AAB}.Debug|iPhone.Build.0 = Debug|Any CPU
		{A4D3169E-047E-42F9-B58A-59CE94867AAB}.Debug|iPhone.Deploy.0 = Debug|Any CPU
		{A4D3169E-047E-42F9-B58A-59CE94867AAB}.Debug|iPhoneSimulator.ActiveCfg = Debug|Any CPU
		{A4D3169E-047E-42F9-B58A-59CE94867AAB}.Debug|iPhoneSimulator.Build.0 = Debug|Any CPU
		{A4D3169E-047E-42F9-B58A-59CE94867AAB}.Debug|iPhoneSimulator.Deploy.0 = Debug|Any CPU
		{A4D3169E-047E-42F9-B58A-59CE94867AAB}.Debug|x64.ActiveCfg = Debug|Any CPU
		{A4D3169E-047E-42F9-B58A-59CE94867AAB}.Debug|x64.Build.0 = Debug|Any CPU
		{A4D3169E-047E-42F9-B58A-59CE94867AAB}.Debug|x64.Deploy.0 = Debug|Any CPU
		{A4D3169E-047E-42F9-B58A-59CE94867AAB}.Debug|x86.ActiveCfg = Debug|Any CPU
		{A4D3169E-047E-42F9-B58A-59CE94867AAB}.Debug|x86.Build.0 = Debug|Any CPU
		{A4D3169E-047E-42F9-B58A-59CE94867AAB}.Debug|x86.Deploy.0 = Debug|Any CPU
		{A4D3169E-047E-42F9-B58A-59CE94867AAB}.Release|Any CPU.ActiveCfg = Release|Any CPU
		{A4D3169E-047E-42F9-B58A-59CE94867AAB}.Release|Any CPU.Build.0 = Release|Any CPU
		{A4D3169E-047E-42F9-B58A-59CE94867AAB}.Release|Any CPU.Deploy.0 = Release|Any CPU
		{A4D3169E-047E-42F9-B58A-59CE94867AAB}.Release|ARM.ActiveCfg = Release|Any CPU
		{A4D3169E-047E-42F9-B58A-59CE94867AAB}.Release|ARM.Build.0 = Release|Any CPU
		{A4D3169E-047E-42F9-B58A-59CE94867AAB}.Release|ARM.Deploy.0 = Release|Any CPU
		{A4D3169E-047E-42F9-B58A-59CE94867AAB}.Release|iPhone.ActiveCfg = Release|Any CPU
		{A4D3169E-047E-42F9-B58A-59CE94867AAB}.Release|iPhone.Build.0 = Release|Any CPU
		{A4D3169E-047E-42F9-B58A-59CE94867AAB}.Release|iPhone.Deploy.0 = Release|Any CPU
		{A4D3169E-047E-42F9-B58A-59CE94867AAB}.Release|iPhoneSimulator.ActiveCfg = Release|Any CPU
		{A4D3169E-047E-42F9-B58A-59CE94867AAB}.Release|iPhoneSimulator.Build.0 = Release|Any CPU
		{A4D3169E-047E-42F9-B58A-59CE94867AAB}.Release|iPhoneSimulator.Deploy.0 = Release|Any CPU
		{A4D3169E-047E-42F9-B58A-59CE94867AAB}.Release|x64.ActiveCfg = Release|Any CPU
		{A4D3169E-047E-42F9-B58A-59CE94867AAB}.Release|x64.Build.0 = Release|Any CPU
		{A4D3169E-047E-42F9-B58A-59CE94867AAB}.Release|x64.Deploy.0 = Release|Any CPU
		{A4D3169E-047E-42F9-B58A-59CE94867AAB}.Release|x86.ActiveCfg = Release|Any CPU
		{A4D3169E-047E-42F9-B58A-59CE94867AAB}.Release|x86.Build.0 = Release|Any CPU
		{A4D3169E-047E-42F9-B58A-59CE94867AAB}.Release|x86.Deploy.0 = Release|Any CPU
	EndGlobalSection
	GlobalSection(SolutionProperties) = preSolution
		HideSolutionNode = FALSE
	EndGlobalSection
	GlobalSection(ExtensibilityGlobals) = postSolution
		SolutionGuid = {F3FBFAFB-DA7A-4344-97E0-ED3F393E4B37}
	EndGlobalSection
EndGlobal
